
Microsoft Visual Studio Solution File, Format Version 12.00
Project("{FAE04EC0-301F-11D3-BF4B-00C04F79EFBC}") = "PersonTbc.Api", "PersonTbc.Api\PersonTbc.Api.csproj", "{9065AA9A-0B53-449A-A7FE-0D5255061DCC}"
EndProject
Project("{FAE04EC0-301F-11D3-BF4B-00C04F79EFBC}") = "PersonTbc.Database", "PersonTbc.Database\PersonTbc.Database.csproj", "{27F7F77F-7CF8-4374-92BF-6B1DE56BA941}"
EndProject
Project("{FAE04EC0-301F-11D3-BF4B-00C04F79EFBC}") = "PersonTbc.Data", "PersonTbc.Data\PersonTbc.Data.csproj", "{19099C9E-0B16-479E-9DC5-09404DE1F825}"
EndProject
Project("{FAE04EC0-301F-11D3-BF4B-00C04F79EFBC}") = "PersonTbc.Services", "PersonTbc.Services\PersonTbc.Services.csproj", "{1B334E87-A8CB-4EEB-AE14-350131011D22}"
EndProject
Project("{FAE04EC0-301F-11D3-BF4B-00C04F79EFBC}") = "KeyGenerator", "KeyGenerator\KeyGenerator.csproj", "{AC491031-C1B9-47A2-8B27-8A8C62D66E44}"
EndProject
Global
	GlobalSection(SolutionConfigurationPlatforms) = preSolution
		Debug|Any CPU = Debug|Any CPU
		Release|Any CPU = Release|Any CPU
	EndGlobalSection
	GlobalSection(ProjectConfigurationPlatforms) = postSolution
		{9065AA9A-0B53-449A-A7FE-0D5255061DCC}.Debug|Any CPU.ActiveCfg = Debug|Any CPU
		{9065AA9A-0B53-449A-A7FE-0D5255061DCC}.Debug|Any CPU.Build.0 = Debug|Any CPU
		{9065AA9A-0B53-449A-A7FE-0D5255061DCC}.Release|Any CPU.ActiveCfg = Release|Any CPU
		{9065AA9A-0B53-449A-A7FE-0D5255061DCC}.Release|Any CPU.Build.0 = Release|Any CPU
		{27F7F77F-7CF8-4374-92BF-6B1DE56BA941}.Debug|Any CPU.ActiveCfg = Debug|Any CPU
		{27F7F77F-7CF8-4374-92BF-6B1DE56BA941}.Debug|Any CPU.Build.0 = Debug|Any CPU
		{27F7F77F-7CF8-4374-92BF-6B1DE56BA941}.Release|Any CPU.ActiveCfg = Release|Any CPU
		{27F7F77F-7CF8-4374-92BF-6B1DE56BA941}.Release|Any CPU.Build.0 = Release|Any CPU
		{19099C9E-0B16-479E-9DC5-09404DE1F825}.Debug|Any CPU.ActiveCfg = Debug|Any CPU
		{19099C9E-0B16-479E-9DC5-09404DE1F825}.Debug|Any CPU.Build.0 = Debug|Any CPU
		{19099C9E-0B16-479E-9DC5-09404DE1F825}.Release|Any CPU.ActiveCfg = Release|Any CPU
		{19099C9E-0B16-479E-9DC5-09404DE1F825}.Release|Any CPU.Build.0 = Release|Any CPU
		{1B334E87-A8CB-4EEB-AE14-350131011D22}.Debug|Any CPU.ActiveCfg = Debug|Any CPU
		{1B334E87-A8CB-4EEB-AE14-350131011D22}.Debug|Any CPU.Build.0 = Debug|Any CPU
		{1B334E87-A8CB-4EEB-AE14-350131011D22}.Release|Any CPU.ActiveCfg = Release|Any CPU
		{1B334E87-A8CB-4EEB-AE14-350131011D22}.Release|Any CPU.Build.0 = Release|Any CPU
		{AC491031-C1B9-47A2-8B27-8A8C62D66E44}.Debug|Any CPU.ActiveCfg = Debug|Any CPU
		{AC491031-C1B9-47A2-8B27-8A8C62D66E44}.Debug|Any CPU.Build.0 = Debug|Any CPU
		{AC491031-C1B9-47A2-8B27-8A8C62D66E44}.Release|Any CPU.ActiveCfg = Release|Any CPU
		{AC491031-C1B9-47A2-8B27-8A8C62D66E44}.Release|Any CPU.Build.0 = Release|Any CPU
	EndGlobalSection
EndGlobal
